
Microsoft Visual Studio Solution File, Format Version 12.00
# Visual Studio Version 16
VisualStudioVersion = 16.0.30413.136
MinimumVisualStudioVersion = 10.0.40219.1
Project("{9A19103F-16F7-4668-BE54-9A1E7A4F7556}") = "FlacManager.ConsoleApp", "FlacManager.ConsoleApp\FlacManager.ConsoleApp.csproj", "{6526E5DB-5465-40A1-9421-4580220796E3}"
EndProject
Project("{9A19103F-16F7-4668-BE54-9A1E7A4F7556}") = "FlacManager.Service", "FlacManager.Service\FlacManager.Service.csproj", "{D1EDCACC-237C-40F9-B852-021A41BBF32F}"
EndProject
Project("{2150E333-8FDC-42A3-9474-1A3956D46DE8}") = "Solution Items", "Solution Items", "{44DCEDCC-7CC2-4C54-824B-AA1DA94FFFF6}"
	ProjectSection(SolutionItems) = preProject
		.gitignore = .gitignore
		README.md = README.md
	EndProjectSection
EndProject
Project("{9A19103F-16F7-4668-BE54-9A1E7A4F7556}") = "FlacManager.Db", "FlacManager.Db\FlacManager.Db.csproj", "{353E6239-132A-4606-8092-A8E7C9FC065F}"
EndProject
Project("{9A19103F-16F7-4668-BE54-9A1E7A4F7556}") = "FlacManager.Models", "FlacManager.Models\FlacManager.Models.csproj", "{02138331-1B61-473B-AF5F-220F48AD86A1}"
EndProject
Project("{9A19103F-16F7-4668-BE54-9A1E7A4F7556}") = "FlacManager.FE", "FlacManager.FE\FlacManager.FE.csproj", "{BB8DB5B5-17C3-4136-A889-094D26A2120F}"
EndProject
Project("{FAE04EC0-301F-11D3-BF4B-00C04F79EFBC}") = "FlacManager.Tagging", "FlacManager.Tagging\FlacManager.Tagging.csproj", "{0EC1BB54-A4CA-4B37-8C22-0C01A244E892}"
EndProject
Global
	GlobalSection(SolutionConfigurationPlatforms) = preSolution
		Debug|Any CPU = Debug|Any CPU
		Release|Any CPU = Release|Any CPU
	EndGlobalSection
	GlobalSection(ProjectConfigurationPlatforms) = postSolution
		{6526E5DB-5465-40A1-9421-4580220796E3}.Debug|Any CPU.ActiveCfg = Debug|Any CPU
		{6526E5DB-5465-40A1-9421-4580220796E3}.Debug|Any CPU.Build.0 = Debug|Any CPU
		{6526E5DB-5465-40A1-9421-4580220796E3}.Release|Any CPU.ActiveCfg = Release|Any CPU
		{6526E5DB-5465-40A1-9421-4580220796E3}.Release|Any CPU.Build.0 = Release|Any CPU
		{D1EDCACC-237C-40F9-B852-021A41BBF32F}.Debug|Any CPU.ActiveCfg = Debug|Any CPU
		{D1EDCACC-237C-40F9-B852-021A41BBF32F}.Debug|Any CPU.Build.0 = Debug|Any CPU
		{D1EDCACC-237C-40F9-B852-021A41BBF32F}.Release|Any CPU.ActiveCfg = Release|Any CPU
		{D1EDCACC-237C-40F9-B852-021A41BBF32F}.Release|Any CPU.Build.0 = Release|Any CPU
		{353E6239-132A-4606-8092-A8E7C9FC065F}.Debug|Any CPU.ActiveCfg = Debug|Any CPU
		{353E6239-132A-4606-8092-A8E7C9FC065F}.Debug|Any CPU.Build.0 = Debug|Any CPU
		{353E6239-132A-4606-8092-A8E7C9FC065F}.Release|Any CPU.ActiveCfg = Release|Any CPU
		{353E6239-132A-4606-8092-A8E7C9FC065F}.Release|Any CPU.Build.0 = Release|Any CPU
		{02138331-1B61-473B-AF5F-220F48AD86A1}.Debug|Any CPU.ActiveCfg = Debug|Any CPU
		{02138331-1B61-473B-AF5F-220F48AD86A1}.Debug|Any CPU.Build.0 = Debug|Any CPU
		{02138331-1B61-473B-AF5F-220F48AD86A1}.Release|Any CPU.ActiveCfg = Release|Any CPU
		{02138331-1B61-473B-AF5F-220F48AD86A1}.Release|Any CPU.Build.0 = Release|Any CPU
		{BB8DB5B5-17C3-4136-A889-094D26A2120F}.Debug|Any CPU.ActiveCfg = Debug|Any CPU
		{BB8DB5B5-17C3-4136-A889-094D26A2120F}.Debug|Any CPU.Build.0 = Debug|Any CPU
		{BB8DB5B5-17C3-4136-A889-094D26A2120F}.Release|Any CPU.ActiveCfg = Release|Any CPU
		{BB8DB5B5-17C3-4136-A889-094D26A2120F}.Release|Any CPU.Build.0 = Release|Any CPU
		{0EC1BB54-A4CA-4B37-8C22-0C01A244E892}.Debug|Any CPU.ActiveCfg = Debug|Any CPU
		{0EC1BB54-A4CA-4B37-8C22-0C01A244E892}.Debug|Any CPU.Build.0 = Debug|Any CPU
		{0EC1BB54-A4CA-4B37-8C22-0C01A244E892}.Release|Any CPU.ActiveCfg = Release|Any CPU
		{0EC1BB54-A4CA-4B37-8C22-0C01A244E892}.Release|Any CPU.Build.0 = Release|Any CPU
	EndGlobalSection
	GlobalSection(SolutionProperties) = preSolution
		HideSolutionNode = FALSE
	EndGlobalSection
	GlobalSection(ExtensibilityGlobals) = postSolution
		SolutionGuid = {80BD30ED-3C88-43F7-B7A6-C5444699D9F6}
	EndGlobalSection
EndGlobal
